
Microsoft Visual Studio Solution File, Format Version 12.00
# Visual Studio Version 17
VisualStudioVersion = 17.0.31903.59
MinimumVisualStudioVersion = 10.0.40219.1
Project("{2150E333-8FDC-42A3-9474-1A3956D46DE8}") = "src", "src", "{A90DFD11-0691-49B4-BD7F-9FF28639C71A}"
EndProject
Project("{2150E333-8FDC-42A3-9474-1A3956D46DE8}") = "Bootstrapper", "Bootstrapper", "{5104F14C-4C87-41E1-8FDB-DC24F6BFD31A}"
EndProject
Project("{2150E333-8FDC-42A3-9474-1A3956D46DE8}") = "Modules", "Modules", "{AAD328F9-BA64-4B0D-83DD-A2D13322A2B8}"
EndProject
Project("{FAE04EC0-301F-11D3-BF4B-00C04F79EFBC}") = "Memberships", "src\Modules\Memberships\Memberships.csproj", "{F4043B57-42A7-4F99-8E83-5E47B271EB49}"
EndProject
Project("{FAE04EC0-301F-11D3-BF4B-00C04F79EFBC}") = "Shared", "src\Shared\Shared.csproj", "{5918A0CA-F0EF-4324-814A-EEBF56F9CB14}"
EndProject
Project("{FAE04EC0-301F-11D3-BF4B-00C04F79EFBC}") = "Api", "src\Bootstrapper\Api\Api.csproj", "{9042AFCD-5698-4E32-BE86-CF5831ECB312}"
EndProject
Project("{2150E333-8FDC-42A3-9474-1A3956D46DE8}") = "tests", "tests", "{A9594488-0C71-498F-A223-68F93121A090}"
EndProject
Project("{2150E333-8FDC-42A3-9474-1A3956D46DE8}") = "UnitTests", "UnitTests", "{26577C2D-0767-456B-98FE-070BE279F1C2}"
EndProject
Project("{2150E333-8FDC-42A3-9474-1A3956D46DE8}") = "Modules", "Modules", "{1AFC83EB-21F6-4112-A0FB-BB3D0C7B19C6}"
EndProject
Project("{FAE04EC0-301F-11D3-BF4B-00C04F79EFBC}") = "Memberships.UnitTests", "tests\UnitTests\Modules\Memberships.UnitTests\Memberships.UnitTests.csproj", "{0DF09605-72F6-4E68-8D38-3F295D411916}"
EndProject
Global
	GlobalSection(SolutionConfigurationPlatforms) = preSolution
		Debug|Any CPU = Debug|Any CPU
		Release|Any CPU = Release|Any CPU
	EndGlobalSection
	GlobalSection(SolutionProperties) = preSolution
		HideSolutionNode = FALSE
	EndGlobalSection
	GlobalSection(ProjectConfigurationPlatforms) = postSolution
		{F4043B57-42A7-4F99-8E83-5E47B271EB49}.Debug|Any CPU.ActiveCfg = Debug|Any CPU
		{F4043B57-42A7-4F99-8E83-5E47B271EB49}.Debug|Any CPU.Build.0 = Debug|Any CPU
		{F4043B57-42A7-4F99-8E83-5E47B271EB49}.Release|Any CPU.ActiveCfg = Release|Any CPU
		{F4043B57-42A7-4F99-8E83-5E47B271EB49}.Release|Any CPU.Build.0 = Release|Any CPU
		{5918A0CA-F0EF-4324-814A-EEBF56F9CB14}.Debug|Any CPU.ActiveCfg = Debug|Any CPU
		{5918A0CA-F0EF-4324-814A-EEBF56F9CB14}.Debug|Any CPU.Build.0 = Debug|Any CPU
		{5918A0CA-F0EF-4324-814A-EEBF56F9CB14}.Release|Any CPU.ActiveCfg = Release|Any CPU
		{5918A0CA-F0EF-4324-814A-EEBF56F9CB14}.Release|Any CPU.Build.0 = Release|Any CPU
		{C5E8F83A-8D05-46DA-B126-B96BC78E3082}.Debug|Any CPU.ActiveCfg = Debug|Any CPU
		{C5E8F83A-8D05-46DA-B126-B96BC78E3082}.Debug|Any CPU.Build.0 = Debug|Any CPU
		{C5E8F83A-8D05-46DA-B126-B96BC78E3082}.Release|Any CPU.ActiveCfg = Release|Any CPU
		{C5E8F83A-8D05-46DA-B126-B96BC78E3082}.Release|Any CPU.Build.0 = Release|Any CPU
		{F504EF86-3328-4FC0-8424-3461F3ABCA4B}.Debug|Any CPU.ActiveCfg = Debug|Any CPU
		{F504EF86-3328-4FC0-8424-3461F3ABCA4B}.Debug|Any CPU.Build.0 = Debug|Any CPU
		{F504EF86-3328-4FC0-8424-3461F3ABCA4B}.Release|Any CPU.ActiveCfg = Release|Any CPU
		{F504EF86-3328-4FC0-8424-3461F3ABCA4B}.Release|Any CPU.Build.0 = Release|Any CPU
		{9042AFCD-5698-4E32-BE86-CF5831ECB312}.Debug|Any CPU.ActiveCfg = Debug|Any CPU
		{9042AFCD-5698-4E32-BE86-CF5831ECB312}.Debug|Any CPU.Build.0 = Debug|Any CPU
		{9042AFCD-5698-4E32-BE86-CF5831ECB312}.Release|Any CPU.ActiveCfg = Release|Any CPU
		{9042AFCD-5698-4E32-BE86-CF5831ECB312}.Release|Any CPU.Build.0 = Release|Any CPU
		{0DF09605-72F6-4E68-8D38-3F295D411916}.Debug|Any CPU.ActiveCfg = Debug|Any CPU
		{0DF09605-72F6-4E68-8D38-3F295D411916}.Debug|Any CPU.Build.0 = Debug|Any CPU
		{0DF09605-72F6-4E68-8D38-3F295D411916}.Release|Any CPU.ActiveCfg = Release|Any CPU
		{0DF09605-72F6-4E68-8D38-3F295D411916}.Release|Any CPU.Build.0 = Release|Any CPU
	EndGlobalSection
	GlobalSection(NestedProjects) = preSolution
		{5104F14C-4C87-41E1-8FDB-DC24F6BFD31A} = {A90DFD11-0691-49B4-BD7F-9FF28639C71A}
		{AAD328F9-BA64-4B0D-83DD-A2D13322A2B8} = {A90DFD11-0691-49B4-BD7F-9FF28639C71A}
		{F4043B57-42A7-4F99-8E83-5E47B271EB49} = {AAD328F9-BA64-4B0D-83DD-A2D13322A2B8}
		{5918A0CA-F0EF-4324-814A-EEBF56F9CB14} = {A90DFD11-0691-49B4-BD7F-9FF28639C71A}
		{9042AFCD-5698-4E32-BE86-CF5831ECB312} = {5104F14C-4C87-41E1-8FDB-DC24F6BFD31A}
		{26577C2D-0767-456B-98FE-070BE279F1C2} = {A9594488-0C71-498F-A223-68F93121A090}
		{1AFC83EB-21F6-4112-A0FB-BB3D0C7B19C6} = {26577C2D-0767-456B-98FE-070BE279F1C2}
		{0DF09605-72F6-4E68-8D38-3F295D411916} = {1AFC83EB-21F6-4112-A0FB-BB3D0C7B19C6}
	EndGlobalSection
EndGlobal
